
Microsoft Visual Studio Solution File, Format Version 12.00
# Visual Studio Version 17
VisualStudioVersion = 17.14.36930.0
MinimumVisualStudioVersion = 10.0.40219.1
Project("{FAE04EC0-301F-11D3-BF4B-00C04F79EFBC}") = "PersonelProtfolio", "PersonelProtfolio.csproj", "{9F2648FA-2249-4C89-B251-4A1B25B28212}"
EndProject
Project("{FAE04EC0-301F-11D3-BF4B-00C04F79EFBC}") = "PersonalProtfolioDataTier", "..\PersonalProtfolioDataTier\PersonalProtfolioDataTier.csproj", "{D4C7D828-F6A0-4EC3-B861-31B335EA08BB}"
EndProject
Project("{FAE04EC0-301F-11D3-BF4B-00C04F79EFBC}") = "PersonalProtfolioBusniessTier", "..\PersonalProtfolioBusniessTier\PersonalProtfolioBusniessTier.csproj", "{E6DAE402-1766-4A1F-861B-FFB2CF35C058}"
EndProject
Project("{FAE04EC0-301F-11D3-BF4B-00C04F79EFBC}") = "EventLogs", "..\EventLogs\EventLogs.csproj", "{8C580F19-68A5-43EB-A3BA-FF79CBAF8E26}"
EndProject
Global
	GlobalSection(SolutionConfigurationPlatforms) = preSolution
		Debug|Any CPU = Debug|Any CPU
		Release|Any CPU = Release|Any CPU
	EndGlobalSection
	GlobalSection(ProjectConfigurationPlatforms) = postSolution
		{9F2648FA-2249-4C89-B251-4A1B25B28212}.Debug|Any CPU.ActiveCfg = Debug|Any CPU
		{9F2648FA-2249-4C89-B251-4A1B25B28212}.Debug|Any CPU.Build.0 = Debug|Any CPU
		{9F2648FA-2249-4C89-B251-4A1B25B28212}.Release|Any CPU.ActiveCfg = Release|Any CPU
		{9F2648FA-2249-4C89-B251-4A1B25B28212}.Release|Any CPU.Build.0 = Release|Any CPU
		{D4C7D828-F6A0-4EC3-B861-31B335EA08BB}.Debug|Any CPU.ActiveCfg = Debug|Any CPU
		{D4C7D828-F6A0-4EC3-B861-31B335EA08BB}.Debug|Any CPU.Build.0 = Debug|Any CPU
		{D4C7D828-F6A0-4EC3-B861-31B335EA08BB}.Release|Any CPU.ActiveCfg = Release|Any CPU
		{D4C7D828-F6A0-4EC3-B861-31B335EA08BB}.Release|Any CPU.Build.0 = Release|Any CPU
		{E6DAE402-1766-4A1F-861B-FFB2CF35C058}.Debug|Any CPU.ActiveCfg = Debug|Any CPU
		{E6DAE402-1766-4A1F-861B-FFB2CF35C058}.Debug|Any CPU.Build.0 = Debug|Any CPU
		{E6DAE402-1766-4A1F-861B-FFB2CF35C058}.Release|Any CPU.ActiveCfg = Release|Any CPU
		{E6DAE402-1766-4A1F-861B-FFB2CF35C058}.Release|Any CPU.Build.0 = Release|Any CPU
		{8C580F19-68A5-43EB-A3BA-FF79CBAF8E26}.Debug|Any CPU.ActiveCfg = Debug|Any CPU
		{8C580F19-68A5-43EB-A3BA-FF79CBAF8E26}.Debug|Any CPU.Build.0 = Debug|Any CPU
		{8C580F19-68A5-43EB-A3BA-FF79CBAF8E26}.Release|Any CPU.ActiveCfg = Release|Any CPU
		{8C580F19-68A5-43EB-A3BA-FF79CBAF8E26}.Release|Any CPU.Build.0 = Release|Any CPU
	EndGlobalSection
	GlobalSection(SolutionProperties) = preSolution
		HideSolutionNode = FALSE
	EndGlobalSection
	GlobalSection(ExtensibilityGlobals) = postSolution
		SolutionGuid = {CB6EB5D7-A1B9-47DE-A726-13A4CA538424}
	EndGlobalSection
EndGlobal
